
Microsoft Visual Studio Solution File, Format Version 12.00
# Visual Studio Version 17
VisualStudioVersion = 17.2.32616.157
MinimumVisualStudioVersion = 10.0.40219.1
Project("{2150E333-8FDC-42A3-9474-1A3956D46DE8}") = "Domain", "Domain", "{ACF182A4-599E-4BAE-B146-F978DAC25CB1}"
EndProject
Project("{2150E333-8FDC-42A3-9474-1A3956D46DE8}") = "Infra.Bus", "Infra.Bus", "{4FB42A63-035E-4C86-A3B1-6F7C7304DF60}"
EndProject
Project("{2150E333-8FDC-42A3-9474-1A3956D46DE8}") = "Infra.IoC", "Infra.IoC", "{246E7306-0B3D-4403-A4B8-A68BE3B02460}"
EndProject
Project("{2150E333-8FDC-42A3-9474-1A3956D46DE8}") = "Microservices", "Microservices", "{214311E5-0605-476F-A309-CEC9C04006D7}"
EndProject
Project("{9A19103F-16F7-4668-BE54-9A1E7A4F7556}") = "MicroBroker.Domain.Core", "MicroBroker.Domain.Core\MicroBroker.Domain.Core.csproj", "{0C5F2931-C7D8-48EE-907C-AF105DC4FFA1}"
EndProject
Project("{9A19103F-16F7-4668-BE54-9A1E7A4F7556}") = "MicroBroker.Infra.Bus", "MicroBroker.Infra.Bus\MicroBroker.Infra.Bus.csproj", "{23FB3C85-D195-40B4-861A-C7C688DD4280}"
EndProject
Project("{9A19103F-16F7-4668-BE54-9A1E7A4F7556}") = "MicroBroker.Infra.IoC", "MicroBroker.Infra.IoC\MicroBroker.Infra.IoC.csproj", "{3AAA3BE7-44ED-4924-9A81-EFFAAF17C72C}"
EndProject
Project("{2150E333-8FDC-42A3-9474-1A3956D46DE8}") = "User", "User", "{F8D48739-14C5-4330-ABC1-8BF4168175E5}"
EndProject
Project("{2150E333-8FDC-42A3-9474-1A3956D46DE8}") = "Api", "Api", "{B1929D7E-349A-4F0A-A57C-D81F976B0080}"
EndProject
Project("{2150E333-8FDC-42A3-9474-1A3956D46DE8}") = "Application", "Application", "{EDEE0C45-53A3-46C2-AA75-481C7DEA80CC}"
EndProject
Project("{2150E333-8FDC-42A3-9474-1A3956D46DE8}") = "Infraestructure", "Infraestructure", "{681AD602-1C66-4F8D-8DB4-F809A3D96EC2}"
EndProject
Project("{2150E333-8FDC-42A3-9474-1A3956D46DE8}") = "Domain", "Domain", "{EB83CDCB-0551-4649-9FC8-0242F4F80478}"
EndProject
Project("{9A19103F-16F7-4668-BE54-9A1E7A4F7556}") = "MicroBroker.User.Api", "MicroBroker.User.Api\MicroBroker.User.Api.csproj", "{92650158-FE11-485C-A78A-F7C12D1994A0}"
EndProject
Project("{9A19103F-16F7-4668-BE54-9A1E7A4F7556}") = "MicroBroker.User.Application", "MicroBroker.User.Application\MicroBroker.User.Application.csproj", "{4306B93F-3E97-4D50-8B0E-3C314B7CF638}"
EndProject
Project("{2150E333-8FDC-42A3-9474-1A3956D46DE8}") = "Playlist", "Playlist", "{B7EFF165-8487-400F-9FD8-D6D5ABF58E70}"
EndProject
Project("{2150E333-8FDC-42A3-9474-1A3956D46DE8}") = "Api", "Api", "{A97072E4-C1C9-410A-8423-3B8070CE6EFC}"
EndProject
Project("{2150E333-8FDC-42A3-9474-1A3956D46DE8}") = "Application", "Application", "{13C50E5F-2030-4DC4-A2DB-2D279818562B}"
EndProject
Project("{2150E333-8FDC-42A3-9474-1A3956D46DE8}") = "Infraestructure", "Infraestructure", "{51EA510B-4085-4E65-AC8B-60C9F257B4BB}"
EndProject
Project("{2150E333-8FDC-42A3-9474-1A3956D46DE8}") = "Domain", "Domain", "{E855F62E-D930-4F3A-92CA-BD115C788271}"
EndProject
Project("{9A19103F-16F7-4668-BE54-9A1E7A4F7556}") = "MicroBroker.Playlist.Api", "MicroBroker.Api.Playlist\MicroBroker.Playlist.Api.csproj", "{13BDBF7F-045C-4467-AA0C-164C8C17AFF7}"
EndProject
Project("{9A19103F-16F7-4668-BE54-9A1E7A4F7556}") = "MicroBroker.Playlist.Application", "MicroBroker.Playlist.Application\MicroBroker.Playlist.Application.csproj", "{AC2317FF-BF2F-43BE-95E5-ED14D2AE06AC}"
EndProject
Project("{9A19103F-16F7-4668-BE54-9A1E7A4F7556}") = "MicroBroker.Playlist.Domain", "MicroBroker.Playlist.Domain\MicroBroker.Playlist.Domain.csproj", "{0A4A923C-C34D-44B5-BFF9-0C27266DD3FF}"
EndProject
Project("{2150E333-8FDC-42A3-9474-1A3956D46DE8}") = "Song", "Song", "{900BF86E-5EB0-4E71-8078-1E131456B5B1}"
EndProject
Project("{2150E333-8FDC-42A3-9474-1A3956D46DE8}") = "Api", "Api", "{922A45CF-F014-4D6A-942D-89814670734F}"
EndProject
Project("{2150E333-8FDC-42A3-9474-1A3956D46DE8}") = "Application", "Application", "{C3A52AF6-528C-43FA-B364-5991523FE02C}"
EndProject
Project("{2150E333-8FDC-42A3-9474-1A3956D46DE8}") = "Infraestructure", "Infraestructure", "{4C4C974B-3934-4AA4-8176-94152DD1AAC6}"
EndProject
Project("{2150E333-8FDC-42A3-9474-1A3956D46DE8}") = "Domain", "Domain", "{A557E8D5-F7A4-44E7-A620-A94670A00FEC}"
EndProject
Project("{9A19103F-16F7-4668-BE54-9A1E7A4F7556}") = "MicroBroker.Song.Api", "MicroBroker.Song.Api\MicroBroker.Song.Api.csproj", "{DBD3E51D-26B9-40CE-BFE2-833EC02A7A92}"
EndProject
Project("{9A19103F-16F7-4668-BE54-9A1E7A4F7556}") = "MicroBroker.Song.Application", "MicroBroker.Song.Application\MicroBroker.Song.Application.csproj", "{75A8F99E-5301-4620-AB7E-74929DD7FF75}"
EndProject
Project("{9A19103F-16F7-4668-BE54-9A1E7A4F7556}") = "MicroBroker.Song.Domain", "MicroBroker.Song.Domain\MicroBroker.Song.Domain.csproj", "{059B0100-3FE9-4BC6-A4D6-EC843FEAC9E3}"
EndProject
Project("{2150E333-8FDC-42A3-9474-1A3956D46DE8}") = "Album", "Album", "{B229FF1D-451C-4268-B2F3-CF20689DBC5A}"
EndProject
Project("{2150E333-8FDC-42A3-9474-1A3956D46DE8}") = "Api", "Api", "{D2B86C29-6173-4EC1-8347-22DFD2AD2B1E}"
EndProject
Project("{2150E333-8FDC-42A3-9474-1A3956D46DE8}") = "Application", "Application", "{CF116584-5F86-445A-86CE-7AB77EFB71FD}"
EndProject
Project("{2150E333-8FDC-42A3-9474-1A3956D46DE8}") = "Infraestructure", "Infraestructure", "{1C702EDE-1B61-4AA3-B56B-F86CA8EF1505}"
EndProject
Project("{2150E333-8FDC-42A3-9474-1A3956D46DE8}") = "Domain", "Domain", "{2DE721CF-681D-4744-A67E-5FEE21C2A66A}"
EndProject
Project("{9A19103F-16F7-4668-BE54-9A1E7A4F7556}") = "MicroBroker.Album.Api", "MicroBroker.Album.Api\MicroBroker.Album.Api.csproj", "{1ADB95B9-3EFB-4AF2-B302-492458865A6C}"
EndProject
Project("{9A19103F-16F7-4668-BE54-9A1E7A4F7556}") = "MicroBroker.Album.Application", "MicroBroker.Album.Application\MicroBroker.Album.Application.csproj", "{1413E0C6-4287-4589-945D-3D785EDDF491}"
EndProject
Project("{9A19103F-16F7-4668-BE54-9A1E7A4F7556}") = "MicroBroker.Album.Domain", "MicroBroker.Album.Domain\MicroBroker.Album.Domain.csproj", "{A5AA9F2C-AEE0-4DE6-8D1E-3B11F5A09812}"
EndProject
Project("{2150E333-8FDC-42A3-9474-1A3956D46DE8}") = "Catalog", "Catalog", "{55AC87DC-F8A1-4E96-A13D-92A5FEA539BE}"
EndProject
Project("{2150E333-8FDC-42A3-9474-1A3956D46DE8}") = "Api", "Api", "{74C826B5-EF73-4405-9A53-31609C0842EA}"
EndProject
Project("{2150E333-8FDC-42A3-9474-1A3956D46DE8}") = "Application", "Application", "{8F14DA3B-54A0-4C96-AD72-84E4DA4533A0}"
EndProject
Project("{2150E333-8FDC-42A3-9474-1A3956D46DE8}") = "Infraestructure", "Infraestructure", "{7DF4B6DB-D5A0-4684-BC7C-BC1E8064B515}"
EndProject
Project("{2150E333-8FDC-42A3-9474-1A3956D46DE8}") = "Domain", "Domain", "{DFCC2B13-2757-4EFB-80AC-861E05F517CA}"
EndProject
Project("{9A19103F-16F7-4668-BE54-9A1E7A4F7556}") = "MicroBroker.Catalog.Domain", "MicroBroker.Catalog.Domain\MicroBroker.Catalog.Domain.csproj", "{336E94F1-3FE8-41CB-8094-C8A738D37DA8}"
EndProject
Project("{9A19103F-16F7-4668-BE54-9A1E7A4F7556}") = "MicroBroker.Catalog.Application", "MicroBroker.Catalog.Application\MicroBroker.Catalog.Application.csproj", "{81806B06-7CBE-488F-9BED-3AD7EE4B4E71}"
EndProject
Project("{9A19103F-16F7-4668-BE54-9A1E7A4F7556}") = "MicroBroker.Catalog.Api", "MicroBroker.Catalog.Api\MicroBroker.Catalog.Api.csproj", "{0625077B-99EB-4FF6-A6F6-63C52E46995E}"
EndProject
Project("{2150E333-8FDC-42A3-9474-1A3956D46DE8}") = "Artist", "Artist", "{CC18C02C-1F95-4E1C-8661-0940CAD2AD98}"
EndProject
Project("{2150E333-8FDC-42A3-9474-1A3956D46DE8}") = "Domain", "Domain", "{763F7AA7-946C-46E1-9BF8-B9BAAA02D3D0}"
EndProject
Project("{2150E333-8FDC-42A3-9474-1A3956D46DE8}") = "Infraestructure", "Infraestructure", "{E7284867-B6EA-4123-8B05-969FE444F580}"
EndProject
Project("{2150E333-8FDC-42A3-9474-1A3956D46DE8}") = "Application", "Application", "{A8B54ACA-2EA7-4AF4-9F47-15E51601C6EF}"
EndProject
Project("{2150E333-8FDC-42A3-9474-1A3956D46DE8}") = "Api", "Api", "{F9C5BA82-98A1-4288-9962-86B490AC4735}"
EndProject
Project("{9A19103F-16F7-4668-BE54-9A1E7A4F7556}") = "MicroBroker.Artist.Domain", "MicroBroker.Artist.Domain\MicroBroker.Artist.Domain.csproj", "{C7094AF7-6F62-4189-B121-C82C316C46C9}"
EndProject
Project("{9A19103F-16F7-4668-BE54-9A1E7A4F7556}") = "MicroBroker.Artist.Application", "MicroBroker.Artist.Application\MicroBroker.Artist.Application.csproj", "{AB46D4A4-B4AF-4C32-8CE5-692994EA2899}"
EndProject
Project("{9A19103F-16F7-4668-BE54-9A1E7A4F7556}") = "MicroBroker.Artist.Api", "MicroBroker.Artist.Api\MicroBroker.Artist.Api.csproj", "{9A316B52-FBC5-47C3-8C54-B14769F80BAB}"
EndProject
Project("{2150E333-8FDC-42A3-9474-1A3956D46DE8}") = "Gateway", "Gateway", "{EB39C1A5-0F5C-4BC6-8710-F2D74EC44BF9}"
EndProject
Project("{9A19103F-16F7-4668-BE54-9A1E7A4F7556}") = "BytesMusic.Gateway.Api", "BytesMusic.Gateway.Api\BytesMusic.Gateway.Api.csproj", "{4FBF2356-2F45-4512-A34E-247DE7395BC2}"
EndProject
Project("{9A19103F-16F7-4668-BE54-9A1E7A4F7556}") = "MicroBroker.Song.Infraestructure", "MicroBroker.Song.Infraestructure\MicroBroker.Song.Infraestructure.csproj", "{6BC96D5F-1589-49DD-9252-74DC54314A42}"
EndProject
Project("{9A19103F-16F7-4668-BE54-9A1E7A4F7556}") = "MicroBroker.Playlist.Infraestructure", "MicroBroker.Playlist.Infraestructure\MicroBroker.Playlist.Infraestructure.csproj", "{3FB91755-38D0-4770-9A2D-BC97448D7794}"
EndProject
Project("{9A19103F-16F7-4668-BE54-9A1E7A4F7556}") = "MicroBroker.Catalog.Infraestructure", "MicroBroker.Catalog.Infraestructure\MicroBroker.Catalog.Infraestructure.csproj", "{4E6C6F8C-4378-46F8-800D-AB6489087938}"
EndProject
Project("{9A19103F-16F7-4668-BE54-9A1E7A4F7556}") = "MicroBroker.Artist.Infraestructure", "MicroBroker.Artist.Infraestructure\MicroBroker.Artist.Infraestructure.csproj", "{BAB4F736-49C3-4F0C-B87D-7E0B652D7A99}"
EndProject
Project("{9A19103F-16F7-4668-BE54-9A1E7A4F7556}") = "MicroBroker.Album.Infraestructure", "MicroBroker.Album.Infraestructure\MicroBroker.Album.Infraestructure.csproj", "{5244AADF-E8CF-43E5-A264-84A098A5F776}"
EndProject
Project("{9A19103F-16F7-4668-BE54-9A1E7A4F7556}") = "MicroBroker.User.Infraestructure", "MicroBroker.User.Infraestructure\MicroBroker.User.Infraestructure.csproj", "{2797D687-FCC7-44AA-BF69-871B254611C3}"
EndProject
Project("{9A19103F-16F7-4668-BE54-9A1E7A4F7556}") = "MicroBroker.User.Domain", "MicroBroker.User.Domain\MicroBroker.User.Domain.csproj", "{F9B357D5-04B8-4E29-8EE0-4412BEE72B87}"
EndProject
Project("{2150E333-8FDC-42A3-9474-1A3956D46DE8}") = "k8s", "k8s", "{F4ADCF00-E2C2-4789-8CE7-19B32AF34C37}"
	ProjectSection(SolutionItems) = preProject
		gateway-deploy.yml = gateway-deploy.yml
		gateway-pod.yml = gateway-pod.yml
		gateway-service.yml = gateway-service.yml
		microservice-artist-deploy.yml = microservice-artist-deploy.yml
		microservice-album-service.yml = microservice-album-service.yml
		microservice-album-pod.yml = microservice-album-pod.yml
		microservice-album-deploy.yml = microservice-album-deploy.yml
		microservice-catalog-pod.yml = microservice-catalog-pod.yml
		microservice-artist-service.yml = microservice-artist-service.yml
		microservice-artist-pod.yml = microservice-artist-pod.yml
		microservice-catalog-deploy.yml = microservice-catalog-deploy.yml
		microservice-catalog-service.yml = microservice-catalog-service.yml
		microservice-song-deploy.yml = microservice-song-deploy.yml
		microservice-playlist-service.yml = microservice-playlist-service.yml
		microservice-playlist-pod.yml = microservice-playlist-pod.yml
		microservice-playlist-deploy.yml = microservice-playlist-deploy.yml
		microservice-song-pod.yml = microservice-song-pod.yml
		microservice-song-service.yml = microservice-song-service.yml
		microservice-user-deploy.yml = microservice-user-deploy.yml
		microservice-user-pod.yml = microservice-user-pod.yml
		microservice-user-service.yml = microservice-user-service.yml
		sqlserver-deploy.yml = sqlserver-deploy.yml
		sqlserver-pod.yml = sqlserver-pod.yml
		sqlserver-service.yml = sqlserver-service.yml
	EndProjectSection
EndProject
Project("{E53339B2-1760-4266-BCC7-CA923CBCF16C}") = "docker-compose", "docker-compose.dcproj", "{96942DD7-A5E9-4005-95E5-A43901947174}"
EndProject
Global
	GlobalSection(SolutionConfigurationPlatforms) = preSolution
		Debug|Any CPU = Debug|Any CPU
		Debug|x64 = Debug|x64
		Release|Any CPU = Release|Any CPU
		Release|x64 = Release|x64
	EndGlobalSection
	GlobalSection(ProjectConfigurationPlatforms) = postSolution
		{0C5F2931-C7D8-48EE-907C-AF105DC4FFA1}.Debug|Any CPU.ActiveCfg = Debug|Any CPU
		{0C5F2931-C7D8-48EE-907C-AF105DC4FFA1}.Debug|Any CPU.Build.0 = Debug|Any CPU
		{0C5F2931-C7D8-48EE-907C-AF105DC4FFA1}.Debug|x64.ActiveCfg = Debug|x64
		{0C5F2931-C7D8-48EE-907C-AF105DC4FFA1}.Debug|x64.Build.0 = Debug|x64
		{0C5F2931-C7D8-48EE-907C-AF105DC4FFA1}.Release|Any CPU.ActiveCfg = Release|Any CPU
		{0C5F2931-C7D8-48EE-907C-AF105DC4FFA1}.Release|Any CPU.Build.0 = Release|Any CPU
		{0C5F2931-C7D8-48EE-907C-AF105DC4FFA1}.Release|x64.ActiveCfg = Release|x64
		{0C5F2931-C7D8-48EE-907C-AF105DC4FFA1}.Release|x64.Build.0 = Release|x64
		{23FB3C85-D195-40B4-861A-C7C688DD4280}.Debug|Any CPU.ActiveCfg = Debug|Any CPU
		{23FB3C85-D195-40B4-861A-C7C688DD4280}.Debug|Any CPU.Build.0 = Debug|Any CPU
		{23FB3C85-D195-40B4-861A-C7C688DD4280}.Debug|x64.ActiveCfg = Debug|x64
		{23FB3C85-D195-40B4-861A-C7C688DD4280}.Debug|x64.Build.0 = Debug|x64
		{23FB3C85-D195-40B4-861A-C7C688DD4280}.Release|Any CPU.ActiveCfg = Release|Any CPU
		{23FB3C85-D195-40B4-861A-C7C688DD4280}.Release|Any CPU.Build.0 = Release|Any CPU
		{23FB3C85-D195-40B4-861A-C7C688DD4280}.Release|x64.ActiveCfg = Release|x64
		{23FB3C85-D195-40B4-861A-C7C688DD4280}.Release|x64.Build.0 = Release|x64
		{3AAA3BE7-44ED-4924-9A81-EFFAAF17C72C}.Debug|Any CPU.ActiveCfg = Debug|Any CPU
		{3AAA3BE7-44ED-4924-9A81-EFFAAF17C72C}.Debug|Any CPU.Build.0 = Debug|Any CPU
		{3AAA3BE7-44ED-4924-9A81-EFFAAF17C72C}.Debug|x64.ActiveCfg = Debug|x64
		{3AAA3BE7-44ED-4924-9A81-EFFAAF17C72C}.Debug|x64.Build.0 = Debug|x64
		{3AAA3BE7-44ED-4924-9A81-EFFAAF17C72C}.Release|Any CPU.ActiveCfg = Release|Any CPU
		{3AAA3BE7-44ED-4924-9A81-EFFAAF17C72C}.Release|Any CPU.Build.0 = Release|Any CPU
		{3AAA3BE7-44ED-4924-9A81-EFFAAF17C72C}.Release|x64.ActiveCfg = Release|x64
		{3AAA3BE7-44ED-4924-9A81-EFFAAF17C72C}.Release|x64.Build.0 = Release|x64
		{92650158-FE11-485C-A78A-F7C12D1994A0}.Debug|Any CPU.ActiveCfg = Debug|Any CPU
		{92650158-FE11-485C-A78A-F7C12D1994A0}.Debug|Any CPU.Build.0 = Debug|Any CPU
		{92650158-FE11-485C-A78A-F7C12D1994A0}.Debug|x64.ActiveCfg = Debug|x64
		{92650158-FE11-485C-A78A-F7C12D1994A0}.Debug|x64.Build.0 = Debug|x64
		{92650158-FE11-485C-A78A-F7C12D1994A0}.Release|Any CPU.ActiveCfg = Release|Any CPU
		{92650158-FE11-485C-A78A-F7C12D1994A0}.Release|Any CPU.Build.0 = Release|Any CPU
		{92650158-FE11-485C-A78A-F7C12D1994A0}.Release|x64.ActiveCfg = Release|x64
		{92650158-FE11-485C-A78A-F7C12D1994A0}.Release|x64.Build.0 = Release|x64
		{4306B93F-3E97-4D50-8B0E-3C314B7CF638}.Debug|Any CPU.ActiveCfg = Debug|Any CPU
		{4306B93F-3E97-4D50-8B0E-3C314B7CF638}.Debug|Any CPU.Build.0 = Debug|Any CPU
		{4306B93F-3E97-4D50-8B0E-3C314B7CF638}.Debug|x64.ActiveCfg = Debug|x64
		{4306B93F-3E97-4D50-8B0E-3C314B7CF638}.Debug|x64.Build.0 = Debug|x64
		{4306B93F-3E97-4D50-8B0E-3C314B7CF638}.Release|Any CPU.ActiveCfg = Release|Any CPU
		{4306B93F-3E97-4D50-8B0E-3C314B7CF638}.Release|Any CPU.Build.0 = Release|Any CPU
		{4306B93F-3E97-4D50-8B0E-3C314B7CF638}.Release|x64.ActiveCfg = Release|x64
		{4306B93F-3E97-4D50-8B0E-3C314B7CF638}.Release|x64.Build.0 = Release|x64
		{13BDBF7F-045C-4467-AA0C-164C8C17AFF7}.Debug|Any CPU.ActiveCfg = Debug|Any CPU
		{13BDBF7F-045C-4467-AA0C-164C8C17AFF7}.Debug|Any CPU.Build.0 = Debug|Any CPU
		{13BDBF7F-045C-4467-AA0C-164C8C17AFF7}.Debug|x64.ActiveCfg = Debug|x64
		{13BDBF7F-045C-4467-AA0C-164C8C17AFF7}.Debug|x64.Build.0 = Debug|x64
		{13BDBF7F-045C-4467-AA0C-164C8C17AFF7}.Release|Any CPU.ActiveCfg = Release|Any CPU
		{13BDBF7F-045C-4467-AA0C-164C8C17AFF7}.Release|Any CPU.Build.0 = Release|Any CPU
		{13BDBF7F-045C-4467-AA0C-164C8C17AFF7}.Release|x64.ActiveCfg = Release|x64
		{13BDBF7F-045C-4467-AA0C-164C8C17AFF7}.Release|x64.Build.0 = Release|x64
		{AC2317FF-BF2F-43BE-95E5-ED14D2AE06AC}.Debug|Any CPU.ActiveCfg = Debug|Any CPU
		{AC2317FF-BF2F-43BE-95E5-ED14D2AE06AC}.Debug|Any CPU.Build.0 = Debug|Any CPU
		{AC2317FF-BF2F-43BE-95E5-ED14D2AE06AC}.Debug|x64.ActiveCfg = Debug|x64
		{AC2317FF-BF2F-43BE-95E5-ED14D2AE06AC}.Debug|x64.Build.0 = Debug|x64
		{AC2317FF-BF2F-43BE-95E5-ED14D2AE06AC}.Release|Any CPU.ActiveCfg = Release|Any CPU
		{AC2317FF-BF2F-43BE-95E5-ED14D2AE06AC}.Release|Any CPU.Build.0 = Release|Any CPU
		{AC2317FF-BF2F-43BE-95E5-ED14D2AE06AC}.Release|x64.ActiveCfg = Release|x64
		{AC2317FF-BF2F-43BE-95E5-ED14D2AE06AC}.Release|x64.Build.0 = Release|x64
		{0A4A923C-C34D-44B5-BFF9-0C27266DD3FF}.Debug|Any CPU.ActiveCfg = Debug|Any CPU
		{0A4A923C-C34D-44B5-BFF9-0C27266DD3FF}.Debug|Any CPU.Build.0 = Debug|Any CPU
		{0A4A923C-C34D-44B5-BFF9-0C27266DD3FF}.Debug|x64.ActiveCfg = Debug|x64
		{0A4A923C-C34D-44B5-BFF9-0C27266DD3FF}.Debug|x64.Build.0 = Debug|x64
		{0A4A923C-C34D-44B5-BFF9-0C27266DD3FF}.Release|Any CPU.ActiveCfg = Release|Any CPU
		{0A4A923C-C34D-44B5-BFF9-0C27266DD3FF}.Release|Any CPU.Build.0 = Release|Any CPU
		{0A4A923C-C34D-44B5-BFF9-0C27266DD3FF}.Release|x64.ActiveCfg = Release|x64
		{0A4A923C-C34D-44B5-BFF9-0C27266DD3FF}.Release|x64.Build.0 = Release|x64
		{DBD3E51D-26B9-40CE-BFE2-833EC02A7A92}.Debug|Any CPU.ActiveCfg = Debug|Any CPU
		{DBD3E51D-26B9-40CE-BFE2-833EC02A7A92}.Debug|Any CPU.Build.0 = Debug|Any CPU
		{DBD3E51D-26B9-40CE-BFE2-833EC02A7A92}.Debug|x64.ActiveCfg = Debug|x64
		{DBD3E51D-26B9-40CE-BFE2-833EC02A7A92}.Debug|x64.Build.0 = Debug|x64
		{DBD3E51D-26B9-40CE-BFE2-833EC02A7A92}.Release|Any CPU.ActiveCfg = Release|Any CPU
		{DBD3E51D-26B9-40CE-BFE2-833EC02A7A92}.Release|Any CPU.Build.0 = Release|Any CPU
		{DBD3E51D-26B9-40CE-BFE2-833EC02A7A92}.Release|x64.ActiveCfg = Release|x64
		{DBD3E51D-26B9-40CE-BFE2-833EC02A7A92}.Release|x64.Build.0 = Release|x64
		{75A8F99E-5301-4620-AB7E-74929DD7FF75}.Debug|Any CPU.ActiveCfg = Debug|Any CPU
		{75A8F99E-5301-4620-AB7E-74929DD7FF75}.Debug|Any CPU.Build.0 = Debug|Any CPU
		{75A8F99E-5301-4620-AB7E-74929DD7FF75}.Debug|x64.ActiveCfg = Debug|x64
		{75A8F99E-5301-4620-AB7E-74929DD7FF75}.Debug|x64.Build.0 = Debug|x64
		{75A8F99E-5301-4620-AB7E-74929DD7FF75}.Release|Any CPU.ActiveCfg = Release|Any CPU
		{75A8F99E-5301-4620-AB7E-74929DD7FF75}.Release|Any CPU.Build.0 = Release|Any CPU
		{75A8F99E-5301-4620-AB7E-74929DD7FF75}.Release|x64.ActiveCfg = Release|x64
		{75A8F99E-5301-4620-AB7E-74929DD7FF75}.Release|x64.Build.0 = Release|x64
		{059B0100-3FE9-4BC6-A4D6-EC843FEAC9E3}.Debug|Any CPU.ActiveCfg = Debug|Any CPU
		{059B0100-3FE9-4BC6-A4D6-EC843FEAC9E3}.Debug|Any CPU.Build.0 = Debug|Any CPU
		{059B0100-3FE9-4BC6-A4D6-EC843FEAC9E3}.Debug|x64.ActiveCfg = Debug|x64
		{059B0100-3FE9-4BC6-A4D6-EC843FEAC9E3}.Debug|x64.Build.0 = Debug|x64
		{059B0100-3FE9-4BC6-A4D6-EC843FEAC9E3}.Release|Any CPU.ActiveCfg = Release|Any CPU
		{059B0100-3FE9-4BC6-A4D6-EC843FEAC9E3}.Release|Any CPU.Build.0 = Release|Any CPU
		{059B0100-3FE9-4BC6-A4D6-EC843FEAC9E3}.Release|x64.ActiveCfg = Release|x64
		{059B0100-3FE9-4BC6-A4D6-EC843FEAC9E3}.Release|x64.Build.0 = Release|x64
		{1ADB95B9-3EFB-4AF2-B302-492458865A6C}.Debug|Any CPU.ActiveCfg = Debug|Any CPU
		{1ADB95B9-3EFB-4AF2-B302-492458865A6C}.Debug|Any CPU.Build.0 = Debug|Any CPU
		{1ADB95B9-3EFB-4AF2-B302-492458865A6C}.Debug|x64.ActiveCfg = Debug|x64
		{1ADB95B9-3EFB-4AF2-B302-492458865A6C}.Debug|x64.Build.0 = Debug|x64
		{1ADB95B9-3EFB-4AF2-B302-492458865A6C}.Release|Any CPU.ActiveCfg = Release|Any CPU
		{1ADB95B9-3EFB-4AF2-B302-492458865A6C}.Release|Any CPU.Build.0 = Release|Any CPU
		{1ADB95B9-3EFB-4AF2-B302-492458865A6C}.Release|x64.ActiveCfg = Release|x64
		{1ADB95B9-3EFB-4AF2-B302-492458865A6C}.Release|x64.Build.0 = Release|x64
		{1413E0C6-4287-4589-945D-3D785EDDF491}.Debug|Any CPU.ActiveCfg = Debug|Any CPU
		{1413E0C6-4287-4589-945D-3D785EDDF491}.Debug|Any CPU.Build.0 = Debug|Any CPU
		{1413E0C6-4287-4589-945D-3D785EDDF491}.Debug|x64.ActiveCfg = Debug|x64
		{1413E0C6-4287-4589-945D-3D785EDDF491}.Debug|x64.Build.0 = Debug|x64
		{1413E0C6-4287-4589-945D-3D785EDDF491}.Release|Any CPU.ActiveCfg = Release|Any CPU
		{1413E0C6-4287-4589-945D-3D785EDDF491}.Release|Any CPU.Build.0 = Release|Any CPU
		{1413E0C6-4287-4589-945D-3D785EDDF491}.Release|x64.ActiveCfg = Release|x64
		{1413E0C6-4287-4589-945D-3D785EDDF491}.Release|x64.Build.0 = Release|x64
		{A5AA9F2C-AEE0-4DE6-8D1E-3B11F5A09812}.Debug|Any CPU.ActiveCfg = Debug|Any CPU
		{A5AA9F2C-AEE0-4DE6-8D1E-3B11F5A09812}.Debug|Any CPU.Build.0 = Debug|Any CPU
		{A5AA9F2C-AEE0-4DE6-8D1E-3B11F5A09812}.Debug|x64.ActiveCfg = Debug|x64
		{A5AA9F2C-AEE0-4DE6-8D1E-3B11F5A09812}.Debug|x64.Build.0 = Debug|x64
		{A5AA9F2C-AEE0-4DE6-8D1E-3B11F5A09812}.Release|Any CPU.ActiveCfg = Release|Any CPU
		{A5AA9F2C-AEE0-4DE6-8D1E-3B11F5A09812}.Release|Any CPU.Build.0 = Release|Any CPU
		{A5AA9F2C-AEE0-4DE6-8D1E-3B11F5A09812}.Release|x64.ActiveCfg = Release|x64
		{A5AA9F2C-AEE0-4DE6-8D1E-3B11F5A09812}.Release|x64.Build.0 = Release|x64
		{336E94F1-3FE8-41CB-8094-C8A738D37DA8}.Debug|Any CPU.ActiveCfg = Debug|Any CPU
		{336E94F1-3FE8-41CB-8094-C8A738D37DA8}.Debug|Any CPU.Build.0 = Debug|Any CPU
		{336E94F1-3FE8-41CB-8094-C8A738D37DA8}.Debug|x64.ActiveCfg = Debug|x64
		{336E94F1-3FE8-41CB-8094-C8A738D37DA8}.Debug|x64.Build.0 = Debug|x64
		{336E94F1-3FE8-41CB-8094-C8A738D37DA8}.Release|Any CPU.ActiveCfg = Release|Any CPU
		{336E94F1-3FE8-41CB-8094-C8A738D37DA8}.Release|Any CPU.Build.0 = Release|Any CPU
		{336E94F1-3FE8-41CB-8094-C8A738D37DA8}.Release|x64.ActiveCfg = Release|x64
		{336E94F1-3FE8-41CB-8094-C8A738D37DA8}.Release|x64.Build.0 = Release|x64
		{81806B06-7CBE-488F-9BED-3AD7EE4B4E71}.Debug|Any CPU.ActiveCfg = Debug|Any CPU
		{81806B06-7CBE-488F-9BED-3AD7EE4B4E71}.Debug|Any CPU.Build.0 = Debug|Any CPU
		{81806B06-7CBE-488F-9BED-3AD7EE4B4E71}.Debug|x64.ActiveCfg = Debug|x64
		{81806B06-7CBE-488F-9BED-3AD7EE4B4E71}.Debug|x64.Build.0 = Debug|x64
		{81806B06-7CBE-488F-9BED-3AD7EE4B4E71}.Release|Any CPU.ActiveCfg = Release|Any CPU
		{81806B06-7CBE-488F-9BED-3AD7EE4B4E71}.Release|Any CPU.Build.0 = Release|Any CPU
		{81806B06-7CBE-488F-9BED-3AD7EE4B4E71}.Release|x64.ActiveCfg = Release|x64
		{81806B06-7CBE-488F-9BED-3AD7EE4B4E71}.Release|x64.Build.0 = Release|x64
		{0625077B-99EB-4FF6-A6F6-63C52E46995E}.Debug|Any CPU.ActiveCfg = Debug|Any CPU
		{0625077B-99EB-4FF6-A6F6-63C52E46995E}.Debug|Any CPU.Build.0 = Debug|Any CPU
		{0625077B-99EB-4FF6-A6F6-63C52E46995E}.Debug|x64.ActiveCfg = Debug|x64
		{0625077B-99EB-4FF6-A6F6-63C52E46995E}.Debug|x64.Build.0 = Debug|x64
		{0625077B-99EB-4FF6-A6F6-63C52E46995E}.Release|Any CPU.ActiveCfg = Release|Any CPU
		{0625077B-99EB-4FF6-A6F6-63C52E46995E}.Release|Any CPU.Build.0 = Release|Any CPU
		{0625077B-99EB-4FF6-A6F6-63C52E46995E}.Release|x64.ActiveCfg = Release|x64
		{0625077B-99EB-4FF6-A6F6-63C52E46995E}.Release|x64.Build.0 = Release|x64
		{C7094AF7-6F62-4189-B121-C82C316C46C9}.Debug|Any CPU.ActiveCfg = Debug|Any CPU
		{C7094AF7-6F62-4189-B121-C82C316C46C9}.Debug|Any CPU.Build.0 = Debug|Any CPU
		{C7094AF7-6F62-4189-B121-C82C316C46C9}.Debug|x64.ActiveCfg = Debug|x64
		{C7094AF7-6F62-4189-B121-C82C316C46C9}.Debug|x64.Build.0 = Debug|x64
		{C7094AF7-6F62-4189-B121-C82C316C46C9}.Release|Any CPU.ActiveCfg = Release|Any CPU
		{C7094AF7-6F62-4189-B121-C82C316C46C9}.Release|Any CPU.Build.0 = Release|Any CPU
		{C7094AF7-6F62-4189-B121-C82C316C46C9}.Release|x64.ActiveCfg = Release|x64
		{C7094AF7-6F62-4189-B121-C82C316C46C9}.Release|x64.Build.0 = Release|x64
		{AB46D4A4-B4AF-4C32-8CE5-692994EA2899}.Debug|Any CPU.ActiveCfg = Debug|Any CPU
		{AB46D4A4-B4AF-4C32-8CE5-692994EA2899}.Debug|Any CPU.Build.0 = Debug|Any CPU
		{AB46D4A4-B4AF-4C32-8CE5-692994EA2899}.Debug|x64.ActiveCfg = Debug|x64
		{AB46D4A4-B4AF-4C32-8CE5-692994EA2899}.Debug|x64.Build.0 = Debug|x64
		{AB46D4A4-B4AF-4C32-8CE5-692994EA2899}.Release|Any CPU.ActiveCfg = Release|Any CPU
		{AB46D4A4-B4AF-4C32-8CE5-692994EA2899}.Release|Any CPU.Build.0 = Release|Any CPU
		{AB46D4A4-B4AF-4C32-8CE5-692994EA2899}.Release|x64.ActiveCfg = Release|x64
		{AB46D4A4-B4AF-4C32-8CE5-692994EA2899}.Release|x64.Build.0 = Release|x64
		{9A316B52-FBC5-47C3-8C54-B14769F80BAB}.Debug|Any CPU.ActiveCfg = Debug|Any CPU
		{9A316B52-FBC5-47C3-8C54-B14769F80BAB}.Debug|Any CPU.Build.0 = Debug|Any CPU
		{9A316B52-FBC5-47C3-8C54-B14769F80BAB}.Debug|x64.ActiveCfg = Debug|x64
		{9A316B52-FBC5-47C3-8C54-B14769F80BAB}.Debug|x64.Build.0 = Debug|x64
		{9A316B52-FBC5-47C3-8C54-B14769F80BAB}.Release|Any CPU.ActiveCfg = Release|Any CPU
		{9A316B52-FBC5-47C3-8C54-B14769F80BAB}.Release|Any CPU.Build.0 = Release|Any CPU
		{9A316B52-FBC5-47C3-8C54-B14769F80BAB}.Release|x64.ActiveCfg = Release|x64
		{9A316B52-FBC5-47C3-8C54-B14769F80BAB}.Release|x64.Build.0 = Release|x64
		{4FBF2356-2F45-4512-A34E-247DE7395BC2}.Debug|Any CPU.ActiveCfg = Debug|Any CPU
		{4FBF2356-2F45-4512-A34E-247DE7395BC2}.Debug|Any CPU.Build.0 = Debug|Any CPU
		{4FBF2356-2F45-4512-A34E-247DE7395BC2}.Debug|x64.ActiveCfg = Debug|x64
		{4FBF2356-2F45-4512-A34E-247DE7395BC2}.Debug|x64.Build.0 = Debug|x64
		{4FBF2356-2F45-4512-A34E-247DE7395BC2}.Release|Any CPU.ActiveCfg = Release|Any CPU
		{4FBF2356-2F45-4512-A34E-247DE7395BC2}.Release|Any CPU.Build.0 = Release|Any CPU
		{4FBF2356-2F45-4512-A34E-247DE7395BC2}.Release|x64.ActiveCfg = Release|x64
		{4FBF2356-2F45-4512-A34E-247DE7395BC2}.Release|x64.Build.0 = Release|x64
		{6BC96D5F-1589-49DD-9252-74DC54314A42}.Debug|Any CPU.ActiveCfg = Debug|Any CPU
		{6BC96D5F-1589-49DD-9252-74DC54314A42}.Debug|Any CPU.Build.0 = Debug|Any CPU
		{6BC96D5F-1589-49DD-9252-74DC54314A42}.Debug|x64.ActiveCfg = Debug|x64
		{6BC96D5F-1589-49DD-9252-74DC54314A42}.Debug|x64.Build.0 = Debug|x64
		{6BC96D5F-1589-49DD-9252-74DC54314A42}.Release|Any CPU.ActiveCfg = Release|Any CPU
		{6BC96D5F-1589-49DD-9252-74DC54314A42}.Release|Any CPU.Build.0 = Release|Any CPU
		{6BC96D5F-1589-49DD-9252-74DC54314A42}.Release|x64.ActiveCfg = Release|x64
		{6BC96D5F-1589-49DD-9252-74DC54314A42}.Release|x64.Build.0 = Release|x64
		{3FB91755-38D0-4770-9A2D-BC97448D7794}.Debug|Any CPU.ActiveCfg = Debug|Any CPU
		{3FB91755-38D0-4770-9A2D-BC97448D7794}.Debug|Any CPU.Build.0 = Debug|Any CPU
		{3FB91755-38D0-4770-9A2D-BC97448D7794}.Debug|x64.ActiveCfg = Debug|x64
		{3FB91755-38D0-4770-9A2D-BC97448D7794}.Debug|x64.Build.0 = Debug|x64
		{3FB91755-38D0-4770-9A2D-BC97448D7794}.Release|Any CPU.ActiveCfg = Release|Any CPU
		{3FB91755-38D0-4770-9A2D-BC97448D7794}.Release|Any CPU.Build.0 = Release|Any CPU
		{3FB91755-38D0-4770-9A2D-BC97448D7794}.Release|x64.ActiveCfg = Release|x64
		{3FB91755-38D0-4770-9A2D-BC97448D7794}.Release|x64.Build.0 = Release|x64
		{4E6C6F8C-4378-46F8-800D-AB6489087938}.Debug|Any CPU.ActiveCfg = Debug|Any CPU
		{4E6C6F8C-4378-46F8-800D-AB6489087938}.Debug|Any CPU.Build.0 = Debug|Any CPU
		{4E6C6F8C-4378-46F8-800D-AB6489087938}.Debug|x64.ActiveCfg = Debug|x64
		{4E6C6F8C-4378-46F8-800D-AB6489087938}.Debug|x64.Build.0 = Debug|x64
		{4E6C6F8C-4378-46F8-800D-AB6489087938}.Release|Any CPU.ActiveCfg = Release|Any CPU
		{4E6C6F8C-4378-46F8-800D-AB6489087938}.Release|Any CPU.Build.0 = Release|Any CPU
		{4E6C6F8C-4378-46F8-800D-AB6489087938}.Release|x64.ActiveCfg = Release|x64
		{4E6C6F8C-4378-46F8-800D-AB6489087938}.Release|x64.Build.0 = Release|x64
		{BAB4F736-49C3-4F0C-B87D-7E0B652D7A99}.Debug|Any CPU.ActiveCfg = Debug|Any CPU
		{BAB4F736-49C3-4F0C-B87D-7E0B652D7A99}.Debug|Any CPU.Build.0 = Debug|Any CPU
		{BAB4F736-49C3-4F0C-B87D-7E0B652D7A99}.Debug|x64.ActiveCfg = Debug|x64
		{BAB4F736-49C3-4F0C-B87D-7E0B652D7A99}.Debug|x64.Build.0 = Debug|x64
		{BAB4F736-49C3-4F0C-B87D-7E0B652D7A99}.Release|Any CPU.ActiveCfg = Release|Any CPU
		{BAB4F736-49C3-4F0C-B87D-7E0B652D7A99}.Release|Any CPU.Build.0 = Release|Any CPU
		{BAB4F736-49C3-4F0C-B87D-7E0B652D7A99}.Release|x64.ActiveCfg = Release|x64
		{BAB4F736-49C3-4F0C-B87D-7E0B652D7A99}.Release|x64.Build.0 = Release|x64
		{5244AADF-E8CF-43E5-A264-84A098A5F776}.Debug|Any CPU.ActiveCfg = Debug|Any CPU
		{5244AADF-E8CF-43E5-A264-84A098A5F776}.Debug|Any CPU.Build.0 = Debug|Any CPU
		{5244AADF-E8CF-43E5-A264-84A098A5F776}.Debug|x64.ActiveCfg = Debug|x64
		{5244AADF-E8CF-43E5-A264-84A098A5F776}.Debug|x64.Build.0 = Debug|x64
		{5244AADF-E8CF-43E5-A264-84A098A5F776}.Release|Any CPU.ActiveCfg = Release|Any CPU
		{5244AADF-E8CF-43E5-A264-84A098A5F776}.Release|Any CPU.Build.0 = Release|Any CPU
		{5244AADF-E8CF-43E5-A264-84A098A5F776}.Release|x64.ActiveCfg = Release|x64
		{5244AADF-E8CF-43E5-A264-84A098A5F776}.Release|x64.Build.0 = Release|x64
		{2797D687-FCC7-44AA-BF69-871B254611C3}.Debug|Any CPU.ActiveCfg = Debug|Any CPU
		{2797D687-FCC7-44AA-BF69-871B254611C3}.Debug|Any CPU.Build.0 = Debug|Any CPU
		{2797D687-FCC7-44AA-BF69-871B254611C3}.Debug|x64.ActiveCfg = Debug|x64
		{2797D687-FCC7-44AA-BF69-871B254611C3}.Debug|x64.Build.0 = Debug|x64
		{2797D687-FCC7-44AA-BF69-871B254611C3}.Release|Any CPU.ActiveCfg = Release|Any CPU
		{2797D687-FCC7-44AA-BF69-871B254611C3}.Release|Any CPU.Build.0 = Release|Any CPU
		{2797D687-FCC7-44AA-BF69-871B254611C3}.Release|x64.ActiveCfg = Release|x64
		{2797D687-FCC7-44AA-BF69-871B254611C3}.Release|x64.Build.0 = Release|x64
		{F9B357D5-04B8-4E29-8EE0-4412BEE72B87}.Debug|Any CPU.ActiveCfg = Debug|Any CPU
		{F9B357D5-04B8-4E29-8EE0-4412BEE72B87}.Debug|Any CPU.Build.0 = Debug|Any CPU
		{F9B357D5-04B8-4E29-8EE0-4412BEE72B87}.Debug|x64.ActiveCfg = Debug|x64
		{F9B357D5-04B8-4E29-8EE0-4412BEE72B87}.Debug|x64.Build.0 = Debug|x64
		{F9B357D5-04B8-4E29-8EE0-4412BEE72B87}.Release|Any CPU.ActiveCfg = Release|Any CPU
		{F9B357D5-04B8-4E29-8EE0-4412BEE72B87}.Release|Any CPU.Build.0 = Release|Any CPU
		{F9B357D5-04B8-4E29-8EE0-4412BEE72B87}.Release|x64.ActiveCfg = Release|x64
		{F9B357D5-04B8-4E29-8EE0-4412BEE72B87}.Release|x64.Build.0 = Release|x64
		{96942DD7-A5E9-4005-95E5-A43901947174}.Debug|Any CPU.ActiveCfg = Debug|Any CPU
		{96942DD7-A5E9-4005-95E5-A43901947174}.Debug|Any CPU.Build.0 = Debug|Any CPU
		{96942DD7-A5E9-4005-95E5-A43901947174}.Debug|x64.ActiveCfg = Debug|Any CPU
		{96942DD7-A5E9-4005-95E5-A43901947174}.Debug|x64.Build.0 = Debug|Any CPU
		{96942DD7-A5E9-4005-95E5-A43901947174}.Release|Any CPU.ActiveCfg = Release|Any CPU
		{96942DD7-A5E9-4005-95E5-A43901947174}.Release|Any CPU.Build.0 = Release|Any CPU
		{96942DD7-A5E9-4005-95E5-A43901947174}.Release|x64.ActiveCfg = Release|Any CPU
		{96942DD7-A5E9-4005-95E5-A43901947174}.Release|x64.Build.0 = Release|Any CPU
	EndGlobalSection
	GlobalSection(SolutionProperties) = preSolution
		HideSolutionNode = FALSE
	EndGlobalSection
	GlobalSection(NestedProjects) = preSolution
		{0C5F2931-C7D8-48EE-907C-AF105DC4FFA1} = {ACF182A4-599E-4BAE-B146-F978DAC25CB1}
		{23FB3C85-D195-40B4-861A-C7C688DD4280} = {4FB42A63-035E-4C86-A3B1-6F7C7304DF60}
		{3AAA3BE7-44ED-4924-9A81-EFFAAF17C72C} = {246E7306-0B3D-4403-A4B8-A68BE3B02460}
		{F8D48739-14C5-4330-ABC1-8BF4168175E5} = {214311E5-0605-476F-A309-CEC9C04006D7}
		{B1929D7E-349A-4F0A-A57C-D81F976B0080} = {F8D48739-14C5-4330-ABC1-8BF4168175E5}
		{EDEE0C45-53A3-46C2-AA75-481C7DEA80CC} = {F8D48739-14C5-4330-ABC1-8BF4168175E5}
		{681AD602-1C66-4F8D-8DB4-F809A3D96EC2} = {F8D48739-14C5-4330-ABC1-8BF4168175E5}
		{EB83CDCB-0551-4649-9FC8-0242F4F80478} = {F8D48739-14C5-4330-ABC1-8BF4168175E5}
		{92650158-FE11-485C-A78A-F7C12D1994A0} = {B1929D7E-349A-4F0A-A57C-D81F976B0080}
		{4306B93F-3E97-4D50-8B0E-3C314B7CF638} = {EDEE0C45-53A3-46C2-AA75-481C7DEA80CC}
		{B7EFF165-8487-400F-9FD8-D6D5ABF58E70} = {214311E5-0605-476F-A309-CEC9C04006D7}
		{A97072E4-C1C9-410A-8423-3B8070CE6EFC} = {B7EFF165-8487-400F-9FD8-D6D5ABF58E70}
		{13C50E5F-2030-4DC4-A2DB-2D279818562B} = {B7EFF165-8487-400F-9FD8-D6D5ABF58E70}
		{51EA510B-4085-4E65-AC8B-60C9F257B4BB} = {B7EFF165-8487-400F-9FD8-D6D5ABF58E70}
		{E855F62E-D930-4F3A-92CA-BD115C788271} = {B7EFF165-8487-400F-9FD8-D6D5ABF58E70}
		{13BDBF7F-045C-4467-AA0C-164C8C17AFF7} = {A97072E4-C1C9-410A-8423-3B8070CE6EFC}
		{AC2317FF-BF2F-43BE-95E5-ED14D2AE06AC} = {13C50E5F-2030-4DC4-A2DB-2D279818562B}
		{0A4A923C-C34D-44B5-BFF9-0C27266DD3FF} = {E855F62E-D930-4F3A-92CA-BD115C788271}
		{900BF86E-5EB0-4E71-8078-1E131456B5B1} = {214311E5-0605-476F-A309-CEC9C04006D7}
		{922A45CF-F014-4D6A-942D-89814670734F} = {900BF86E-5EB0-4E71-8078-1E131456B5B1}
		{C3A52AF6-528C-43FA-B364-5991523FE02C} = {900BF86E-5EB0-4E71-8078-1E131456B5B1}
		{4C4C974B-3934-4AA4-8176-94152DD1AAC6} = {900BF86E-5EB0-4E71-8078-1E131456B5B1}
		{A557E8D5-F7A4-44E7-A620-A94670A00FEC} = {900BF86E-5EB0-4E71-8078-1E131456B5B1}
		{DBD3E51D-26B9-40CE-BFE2-833EC02A7A92} = {922A45CF-F014-4D6A-942D-89814670734F}
		{75A8F99E-5301-4620-AB7E-74929DD7FF75} = {C3A52AF6-528C-43FA-B364-5991523FE02C}
		{059B0100-3FE9-4BC6-A4D6-EC843FEAC9E3} = {A557E8D5-F7A4-44E7-A620-A94670A00FEC}
		{B229FF1D-451C-4268-B2F3-CF20689DBC5A} = {214311E5-0605-476F-A309-CEC9C04006D7}
		{D2B86C29-6173-4EC1-8347-22DFD2AD2B1E} = {B229FF1D-451C-4268-B2F3-CF20689DBC5A}
		{CF116584-5F86-445A-86CE-7AB77EFB71FD} = {B229FF1D-451C-4268-B2F3-CF20689DBC5A}
		{1C702EDE-1B61-4AA3-B56B-F86CA8EF1505} = {B229FF1D-451C-4268-B2F3-CF20689DBC5A}
		{2DE721CF-681D-4744-A67E-5FEE21C2A66A} = {B229FF1D-451C-4268-B2F3-CF20689DBC5A}
		{1ADB95B9-3EFB-4AF2-B302-492458865A6C} = {D2B86C29-6173-4EC1-8347-22DFD2AD2B1E}
		{1413E0C6-4287-4589-945D-3D785EDDF491} = {CF116584-5F86-445A-86CE-7AB77EFB71FD}
		{A5AA9F2C-AEE0-4DE6-8D1E-3B11F5A09812} = {2DE721CF-681D-4744-A67E-5FEE21C2A66A}
		{55AC87DC-F8A1-4E96-A13D-92A5FEA539BE} = {214311E5-0605-476F-A309-CEC9C04006D7}
		{74C826B5-EF73-4405-9A53-31609C0842EA} = {55AC87DC-F8A1-4E96-A13D-92A5FEA539BE}
		{8F14DA3B-54A0-4C96-AD72-84E4DA4533A0} = {55AC87DC-F8A1-4E96-A13D-92A5FEA539BE}
		{7DF4B6DB-D5A0-4684-BC7C-BC1E8064B515} = {55AC87DC-F8A1-4E96-A13D-92A5FEA539BE}
		{DFCC2B13-2757-4EFB-80AC-861E05F517CA} = {55AC87DC-F8A1-4E96-A13D-92A5FEA539BE}
		{336E94F1-3FE8-41CB-8094-C8A738D37DA8} = {DFCC2B13-2757-4EFB-80AC-861E05F517CA}
		{81806B06-7CBE-488F-9BED-3AD7EE4B4E71} = {8F14DA3B-54A0-4C96-AD72-84E4DA4533A0}
		{0625077B-99EB-4FF6-A6F6-63C52E46995E} = {74C826B5-EF73-4405-9A53-31609C0842EA}
		{CC18C02C-1F95-4E1C-8661-0940CAD2AD98} = {214311E5-0605-476F-A309-CEC9C04006D7}
		{763F7AA7-946C-46E1-9BF8-B9BAAA02D3D0} = {CC18C02C-1F95-4E1C-8661-0940CAD2AD98}
		{E7284867-B6EA-4123-8B05-969FE444F580} = {CC18C02C-1F95-4E1C-8661-0940CAD2AD98}
		{A8B54ACA-2EA7-4AF4-9F47-15E51601C6EF} = {CC18C02C-1F95-4E1C-8661-0940CAD2AD98}
		{F9C5BA82-98A1-4288-9962-86B490AC4735} = {CC18C02C-1F95-4E1C-8661-0940CAD2AD98}
		{C7094AF7-6F62-4189-B121-C82C316C46C9} = {763F7AA7-946C-46E1-9BF8-B9BAAA02D3D0}
		{AB46D4A4-B4AF-4C32-8CE5-692994EA2899} = {A8B54ACA-2EA7-4AF4-9F47-15E51601C6EF}
		{9A316B52-FBC5-47C3-8C54-B14769F80BAB} = {F9C5BA82-98A1-4288-9962-86B490AC4735}
		{4FBF2356-2F45-4512-A34E-247DE7395BC2} = {EB39C1A5-0F5C-4BC6-8710-F2D74EC44BF9}
		{6BC96D5F-1589-49DD-9252-74DC54314A42} = {4C4C974B-3934-4AA4-8176-94152DD1AAC6}
		{3FB91755-38D0-4770-9A2D-BC97448D7794} = {51EA510B-4085-4E65-AC8B-60C9F257B4BB}
		{4E6C6F8C-4378-46F8-800D-AB6489087938} = {7DF4B6DB-D5A0-4684-BC7C-BC1E8064B515}
		{BAB4F736-49C3-4F0C-B87D-7E0B652D7A99} = {E7284867-B6EA-4123-8B05-969FE444F580}
		{5244AADF-E8CF-43E5-A264-84A098A5F776} = {1C702EDE-1B61-4AA3-B56B-F86CA8EF1505}
		{2797D687-FCC7-44AA-BF69-871B254611C3} = {681AD602-1C66-4F8D-8DB4-F809A3D96EC2}
		{F9B357D5-04B8-4E29-8EE0-4412BEE72B87} = {EB83CDCB-0551-4649-9FC8-0242F4F80478}
	EndGlobalSection
	GlobalSection(ExtensibilityGlobals) = postSolution
		SolutionGuid = {CC98906C-CE59-4062-9491-7E86CF5CB98F}
	EndGlobalSection
EndGlobal
